// !$*UTF8*$!
{
	archiveVersion = 1;
	classes = {
	};
	objectVersion = 56;
	objects = {

/* Begin PBXBuildFile section */
		7A9B13182BBDE9A400250854 /* AppDelegate.swift in Sources */ = {isa = PBXBuildFile; fileRef = 7A9B13172BBDE9A400250854 /* AppDelegate.swift */; };
		7A9B131A2BBDE9A400250854 /* SceneDelegate.swift in Sources */ = {isa = PBXBuildFile; fileRef = 7A9B13192BBDE9A400250854 /* SceneDelegate.swift */; };
		7A9B131F2BBDE9A400250854 /* Base in Resources */ = {isa = PBXBuildFile; fileRef = 7A9B131E2BBDE9A400250854 /* Base */; };
		7A9B13212BBDE9A500250854 /* Assets.xcassets in Resources */ = {isa = PBXBuildFile; fileRef = 7A9B13202BBDE9A500250854 /* Assets.xcassets */; };
		7A9B13242BBDE9A500250854 /* Base in Resources */ = {isa = PBXBuildFile; fileRef = 7A9B13232BBDE9A500250854 /* Base */; };
		7A9B13332BBDEA3F00250854 /* APIManager.swift in Sources */ = {isa = PBXBuildFile; fileRef = 7A9B13322BBDEA3F00250854 /* APIManager.swift */; };
		7A9B13392BBDEA7C00250854 /* Dessert.swift in Sources */ = {isa = PBXBuildFile; fileRef = 7A9B13382BBDEA7B00250854 /* Dessert.swift */; };
		7A9B133D2BBE01AB00250854 /* DessertTableViewController.swift in Sources */ = {isa = PBXBuildFile; fileRef = 7A9B133C2BBE01AB00250854 /* DessertTableViewController.swift */; };
		7A9B133F2BBE03E700250854 /* DessertViewModel.swift in Sources */ = {isa = PBXBuildFile; fileRef = 7A9B133E2BBE03E700250854 /* DessertViewModel.swift */; };
		7A9B13422BBE646D00250854 /* DessertTableViewCell.xib in Resources */ = {isa = PBXBuildFile; fileRef = 7A9B13412BBE646D00250854 /* DessertTableViewCell.xib */; };
		7A9B13432BBE646D00250854 /* DessertTableViewCell.swift in Sources */ = {isa = PBXBuildFile; fileRef = 7A9B13402BBE646D00250854 /* DessertTableViewCell.swift */; };
		7A9B13462BBE736300250854 /* Kingfisher in Frameworks */ = {isa = PBXBuildFile; productRef = 7A9B13452BBE736300250854 /* Kingfisher */; };
		7A9B134E2BBE78F000250854 /* DessertDetails.swift in Sources */ = {isa = PBXBuildFile; fileRef = 7A9B134D2BBE78F000250854 /* DessertDetails.swift */; };
		7A9B13522BBE921E00250854 /* DessertDetailsViewModel.swift in Sources */ = {isa = PBXBuildFile; fileRef = 7A9B13512BBE921E00250854 /* DessertDetailsViewModel.swift */; };
		7A9B13552BBE974C00250854 /* EndPointType.swift in Sources */ = {isa = PBXBuildFile; fileRef = 7A9B13542BBE974C00250854 /* EndPointType.swift */; };
		7A9B13572BBF824400250854 /* DessertDetailsView.swift in Sources */ = {isa = PBXBuildFile; fileRef = 7A9B13562BBF824400250854 /* DessertDetailsView.swift */; };
		E21EF8702C32243700B5C4A8 /* DessertsReceipe_Tests.swift in Sources */ = {isa = PBXBuildFile; fileRef = E21EF86F2C32243700B5C4A8 /* DessertsReceipe_Tests.swift */; };
		E21EF8772C32246000B5C4A8 /* DessertsDetailsViewModelUnitTests.swift in Sources */ = {isa = PBXBuildFile; fileRef = E21EF8762C32246000B5C4A8 /* DessertsDetailsViewModelUnitTests.swift */; };
		E21EF8792C32501B00B5C4A8 /* MockAPIManager.swift in Sources */ = {isa = PBXBuildFile; fileRef = E21EF8782C32501B00B5C4A8 /* MockAPIManager.swift */; };
		E21EF87B2C33EDF100B5C4A8 /* DessertViewModelUnitTests.swift in Sources */ = {isa = PBXBuildFile; fileRef = E21EF87A2C33EDF100B5C4A8 /* DessertViewModelUnitTests.swift */; };
		E21EF87D2C33F38700B5C4A8 /* MockDessertAPIManager.swift in Sources */ = {isa = PBXBuildFile; fileRef = E21EF87C2C33F38700B5C4A8 /* MockDessertAPIManager.swift */; };
/* End PBXBuildFile section */

/* Begin PBXContainerItemProxy section */
		E21EF8712C32243700B5C4A8 /* PBXContainerItemProxy */ = {
			isa = PBXContainerItemProxy;
			containerPortal = 7A9B130C2BBDE9A400250854 /* Project object */;
			proxyType = 1;
			remoteGlobalIDString = 7A9B13132BBDE9A400250854;
			remoteInfo = "Desserts Receipe";
		};
/* End PBXContainerItemProxy section */

/* Begin PBXFileReference section */
		7A9B13142BBDE9A400250854 /* Desserts Receipe.app */ = {isa = PBXFileReference; explicitFileType = wrapper.application; includeInIndex = 0; path = "Desserts Receipe.app"; sourceTree = BUILT_PRODUCTS_DIR; };
		7A9B13172BBDE9A400250854 /* AppDelegate.swift */ = {isa = PBXFileReference; lastKnownFileType = sourcecode.swift; path = AppDelegate.swift; sourceTree = "<group>"; };
		7A9B13192BBDE9A400250854 /* SceneDelegate.swift */ = {isa = PBXFileReference; lastKnownFileType = sourcecode.swift; path = SceneDelegate.swift; sourceTree = "<group>"; };
		7A9B131E2BBDE9A400250854 /* Base */ = {isa = PBXFileReference; lastKnownFileType = file.storyboard; name = Base; path = Base.lproj/Main.storyboard; sourceTree = "<group>"; };
		7A9B13202BBDE9A500250854 /* Assets.xcassets */ = {isa = PBXFileReference; lastKnownFileType = folder.assetcatalog; path = Assets.xcassets; sourceTree = "<group>"; };
		7A9B13232BBDE9A500250854 /* Base */ = {isa = PBXFileReference; lastKnownFileType = file.storyboard; name = Base; path = Base.lproj/LaunchScreen.storyboard; sourceTree = "<group>"; };
		7A9B13252BBDE9A500250854 /* Info.plist */ = {isa = PBXFileReference; lastKnownFileType = text.plist.xml; name = Info.plist; path = "/Users/ameykanunje/Documents/iOS Projects/Fetch/Desserts Receipe/Desserts Receipe/Info.plist"; sourceTree = "<absolute>"; };
		7A9B13322BBDEA3F00250854 /* APIManager.swift */ = {isa = PBXFileReference; lastKnownFileType = sourcecode.swift; path = APIManager.swift; sourceTree = "<group>"; };
		7A9B13382BBDEA7B00250854 /* Dessert.swift */ = {isa = PBXFileReference; lastKnownFileType = sourcecode.swift; path = Dessert.swift; sourceTree = "<group>"; };
		7A9B133C2BBE01AB00250854 /* DessertTableViewController.swift */ = {isa = PBXFileReference; lastKnownFileType = sourcecode.swift; path = DessertTableViewController.swift; sourceTree = "<group>"; };
		7A9B133E2BBE03E700250854 /* DessertViewModel.swift */ = {isa = PBXFileReference; lastKnownFileType = sourcecode.swift; path = DessertViewModel.swift; sourceTree = "<group>"; };
		7A9B13402BBE646D00250854 /* DessertTableViewCell.swift */ = {isa = PBXFileReference; lastKnownFileType = sourcecode.swift; path = DessertTableViewCell.swift; sourceTree = "<group>"; };
		7A9B13412BBE646D00250854 /* DessertTableViewCell.xib */ = {isa = PBXFileReference; lastKnownFileType = file.xib; path = DessertTableViewCell.xib; sourceTree = "<group>"; };
		7A9B134D2BBE78F000250854 /* DessertDetails.swift */ = {isa = PBXFileReference; lastKnownFileType = sourcecode.swift; path = DessertDetails.swift; sourceTree = "<group>"; };
		7A9B13512BBE921E00250854 /* DessertDetailsViewModel.swift */ = {isa = PBXFileReference; lastKnownFileType = sourcecode.swift; path = DessertDetailsViewModel.swift; sourceTree = "<group>"; };
		7A9B13542BBE974C00250854 /* EndPointType.swift */ = {isa = PBXFileReference; lastKnownFileType = sourcecode.swift; path = EndPointType.swift; sourceTree = "<group>"; };
		7A9B13562BBF824400250854 /* DessertDetailsView.swift */ = {isa = PBXFileReference; lastKnownFileType = sourcecode.swift; path = DessertDetailsView.swift; sourceTree = "<group>"; };
		E21EF86D2C32243700B5C4A8 /* DessertsReceipe_Tests.xctest */ = {isa = PBXFileReference; explicitFileType = wrapper.cfbundle; includeInIndex = 0; path = DessertsReceipe_Tests.xctest; sourceTree = BUILT_PRODUCTS_DIR; };
		E21EF86F2C32243700B5C4A8 /* DessertsReceipe_Tests.swift */ = {isa = PBXFileReference; lastKnownFileType = sourcecode.swift; path = DessertsReceipe_Tests.swift; sourceTree = "<group>"; };
		E21EF8762C32246000B5C4A8 /* DessertsDetailsViewModelUnitTests.swift */ = {isa = PBXFileReference; lastKnownFileType = sourcecode.swift; path = DessertsDetailsViewModelUnitTests.swift; sourceTree = "<group>"; };
		E21EF8782C32501B00B5C4A8 /* MockAPIManager.swift */ = {isa = PBXFileReference; lastKnownFileType = sourcecode.swift; path = MockAPIManager.swift; sourceTree = "<group>"; };
		E21EF87A2C33EDF100B5C4A8 /* DessertViewModelUnitTests.swift */ = {isa = PBXFileReference; lastKnownFileType = sourcecode.swift; path = DessertViewModelUnitTests.swift; sourceTree = "<group>"; };
		E21EF87C2C33F38700B5C4A8 /* MockDessertAPIManager.swift */ = {isa = PBXFileReference; lastKnownFileType = sourcecode.swift; path = MockDessertAPIManager.swift; sourceTree = "<group>"; };
/* End PBXFileReference section */

/* Begin PBXFrameworksBuildPhase section */
		7A9B13112BBDE9A400250854 /* Frameworks */ = {
			isa = PBXFrameworksBuildPhase;
			buildActionMask = 2147483647;
			files = (
				7A9B13462BBE736300250854 /* Kingfisher in Frameworks */,
			);
			runOnlyForDeploymentPostprocessing = 0;
		};
		E21EF86A2C32243700B5C4A8 /* Frameworks */ = {
			isa = PBXFrameworksBuildPhase;
			buildActionMask = 2147483647;
			files = (
			);
			runOnlyForDeploymentPostprocessing = 0;
		};
/* End PBXFrameworksBuildPhase section */

/* Begin PBXGroup section */
		7A9B130B2BBDE9A400250854 = {
			isa = PBXGroup;
			children = (
				7A9B13162BBDE9A400250854 /* Desserts Receipe */,
				E21EF86E2C32243700B5C4A8 /* DessertsReceipe_Tests */,
				7A9B13152BBDE9A400250854 /* Products */,
			);
			sourceTree = "<group>";
		};
		7A9B13152BBDE9A400250854 /* Products */ = {
			isa = PBXGroup;
			children = (
				7A9B13142BBDE9A400250854 /* Desserts Receipe.app */,
				E21EF86D2C32243700B5C4A8 /* DessertsReceipe_Tests.xctest */,
			);
			name = Products;
			sourceTree = "<group>";
		};
		7A9B13162BBDE9A400250854 /* Desserts Receipe */ = {
			isa = PBXGroup;
			children = (
				7A9B13312BBDE9C300250854 /* Application */,
				7A9B13532BBE973100250854 /* Utility */,
				7A9B132E2BBDE9B900250854 /* Helper */,
				7A9B132D2BBDE9B600250854 /* Screens */,
				7A9B132C2BBDE9B300250854 /* Storyboard */,
				7A9B132B2BBDE9AF00250854 /* Resources */,
				7A9B13252BBDE9A500250854 /* Info.plist */,
			);
			path = "Desserts Receipe";
			sourceTree = "<group>";
		};
		7A9B132B2BBDE9AF00250854 /* Resources */ = {
			isa = PBXGroup;
			children = (
				7A9B13202BBDE9A500250854 /* Assets.xcassets */,
			);
			path = Resources;
			sourceTree = "<group>";
		};
		7A9B132C2BBDE9B300250854 /* Storyboard */ = {
			isa = PBXGroup;
			children = (
				7A9B131D2BBDE9A400250854 /* Main.storyboard */,
				7A9B13222BBDE9A500250854 /* LaunchScreen.storyboard */,
			);
			path = Storyboard;
			sourceTree = "<group>";
		};
		7A9B132D2BBDE9B600250854 /* Screens */ = {
			isa = PBXGroup;
			children = (
				7A9B13342BBDEA4A00250854 /* Desserts */,
				7A9B13492BBE788200250854 /* DessertDetails */,
			);
			path = Screens;
			sourceTree = "<group>";
		};
		7A9B132E2BBDE9B900250854 /* Helper */ = {
			isa = PBXGroup;
			children = (
				7A9B13322BBDEA3F00250854 /* APIManager.swift */,
			);
			path = Helper;
			sourceTree = "<group>";
		};
		7A9B13312BBDE9C300250854 /* Application */ = {
			isa = PBXGroup;
			children = (
				7A9B13172BBDE9A400250854 /* AppDelegate.swift */,
				7A9B13192BBDE9A400250854 /* SceneDelegate.swift */,
			);
			path = Application;
			sourceTree = "<group>";
		};
		7A9B13342BBDEA4A00250854 /* Desserts */ = {
			isa = PBXGroup;
			children = (
				7A9B13372BBDEA5A00250854 /* Model */,
				7A9B13362BBDEA5700250854 /* View */,
				7A9B13352BBDEA5400250854 /* ViewModel */,
			);
			path = Desserts;
			sourceTree = "<group>";
		};
		7A9B13352BBDEA5400250854 /* ViewModel */ = {
			isa = PBXGroup;
			children = (
				7A9B133E2BBE03E700250854 /* DessertViewModel.swift */,
			);
			path = ViewModel;
			sourceTree = "<group>";
		};
		7A9B13362BBDEA5700250854 /* View */ = {
			isa = PBXGroup;
			children = (
				7A9B133C2BBE01AB00250854 /* DessertTableViewController.swift */,
				7A9B13402BBE646D00250854 /* DessertTableViewCell.swift */,
				7A9B13412BBE646D00250854 /* DessertTableViewCell.xib */,
			);
			path = View;
			sourceTree = "<group>";
		};
		7A9B13372BBDEA5A00250854 /* Model */ = {
			isa = PBXGroup;
			children = (
				7A9B13382BBDEA7B00250854 /* Dessert.swift */,
			);
			path = Model;
			sourceTree = "<group>";
		};
		7A9B13492BBE788200250854 /* DessertDetails */ = {
			isa = PBXGroup;
			children = (
				7A9B134C2BBE789500250854 /* Model */,
				7A9B134B2BBE789200250854 /* View */,
				7A9B134A2BBE788F00250854 /* ViewModel */,
			);
			path = DessertDetails;
			sourceTree = "<group>";
		};
		7A9B134A2BBE788F00250854 /* ViewModel */ = {
			isa = PBXGroup;
			children = (
				7A9B13512BBE921E00250854 /* DessertDetailsViewModel.swift */,
			);
			path = ViewModel;
			sourceTree = "<group>";
		};
		7A9B134B2BBE789200250854 /* View */ = {
			isa = PBXGroup;
			children = (
				7A9B13562BBF824400250854 /* DessertDetailsView.swift */,
			);
			path = View;
			sourceTree = "<group>";
		};
		7A9B134C2BBE789500250854 /* Model */ = {
			isa = PBXGroup;
			children = (
				7A9B134D2BBE78F000250854 /* DessertDetails.swift */,
			);
			path = Model;
			sourceTree = "<group>";
		};
		7A9B13532BBE973100250854 /* Utility */ = {
			isa = PBXGroup;
			children = (
				7A9B13542BBE974C00250854 /* EndPointType.swift */,
			);
			path = Utility;
			sourceTree = "<group>";
		};
		E21EF86E2C32243700B5C4A8 /* DessertsReceipe_Tests */ = {
			isa = PBXGroup;
			children = (
				E21EF86F2C32243700B5C4A8 /* DessertsReceipe_Tests.swift */,
				E21EF8762C32246000B5C4A8 /* DessertsDetailsViewModelUnitTests.swift */,
				E21EF8782C32501B00B5C4A8 /* MockAPIManager.swift */,
				E21EF87A2C33EDF100B5C4A8 /* DessertViewModelUnitTests.swift */,
				E21EF87C2C33F38700B5C4A8 /* MockDessertAPIManager.swift */,
			);
			path = DessertsReceipe_Tests;
			sourceTree = "<group>";
		};
/* End PBXGroup section */

/* Begin PBXNativeTarget section */
		7A9B13132BBDE9A400250854 /* Desserts Receipe */ = {
			isa = PBXNativeTarget;
			buildConfigurationList = 7A9B13282BBDE9A500250854 /* Build configuration list for PBXNativeTarget "Desserts Receipe" */;
			buildPhases = (
				7A9B13102BBDE9A400250854 /* Sources */,
				7A9B13112BBDE9A400250854 /* Frameworks */,
				7A9B13122BBDE9A400250854 /* Resources */,
			);
			buildRules = (
			);
			dependencies = (
			);
			name = "Desserts Receipe";
			packageProductDependencies = (
				7A9B13452BBE736300250854 /* Kingfisher */,
			);
			productName = "Desserts Companion";
			productReference = 7A9B13142BBDE9A400250854 /* Desserts Receipe.app */;
			productType = "com.apple.product-type.application";
		};
		E21EF86C2C32243700B5C4A8 /* DessertsReceipe_Tests */ = {
			isa = PBXNativeTarget;
			buildConfigurationList = E21EF8732C32243700B5C4A8 /* Build configuration list for PBXNativeTarget "DessertsReceipe_Tests" */;
			buildPhases = (
				E21EF8692C32243700B5C4A8 /* Sources */,
				E21EF86A2C32243700B5C4A8 /* Frameworks */,
				E21EF86B2C32243700B5C4A8 /* Resources */,
			);
			buildRules = (
			);
			dependencies = (
				E21EF8722C32243700B5C4A8 /* PBXTargetDependency */,
			);
			name = DessertsReceipe_Tests;
			productName = DessertsReceipe_Tests;
			productReference = E21EF86D2C32243700B5C4A8 /* DessertsReceipe_Tests.xctest */;
			productType = "com.apple.product-type.bundle.unit-test";
		};
/* End PBXNativeTarget section */

/* Begin PBXProject section */
		7A9B130C2BBDE9A400250854 /* Project object */ = {
			isa = PBXProject;
			attributes = {
				BuildIndependentTargetsInParallel = 1;
				LastSwiftUpdateCheck = 1540;
				LastUpgradeCheck = 1530;
				TargetAttributes = {
					7A9B13132BBDE9A400250854 = {
						CreatedOnToolsVersion = 15.3;
					};
					E21EF86C2C32243700B5C4A8 = {
						CreatedOnToolsVersion = 15.4;
						TestTargetID = 7A9B13132BBDE9A400250854;
					};
				};
			};
			buildConfigurationList = 7A9B130F2BBDE9A400250854 /* Build configuration list for PBXProject "Desserts Receipe" */;
			compatibilityVersion = "Xcode 14.0";
			developmentRegion = en;
			hasScannedForEncodings = 0;
			knownRegions = (
				en,
				Base,
			);
			mainGroup = 7A9B130B2BBDE9A400250854;
			packageReferences = (
				7A9B13442BBE736200250854 /* XCRemoteSwiftPackageReference "Kingfisher" */,
			);
			productRefGroup = 7A9B13152BBDE9A400250854 /* Products */;
			projectDirPath = "";
			projectRoot = "";
			targets = (
				7A9B13132BBDE9A400250854 /* Desserts Receipe */,
				E21EF86C2C32243700B5C4A8 /* DessertsReceipe_Tests */,
			);
		};
/* End PBXProject section */

/* Begin PBXResourcesBuildPhase section */
		7A9B13122BBDE9A400250854 /* Resources */ = {
			isa = PBXResourcesBuildPhase;
			buildActionMask = 2147483647;
			files = (
				7A9B13212BBDE9A500250854 /* Assets.xcassets in Resources */,
				7A9B13242BBDE9A500250854 /* Base in Resources */,
				7A9B13422BBE646D00250854 /* DessertTableViewCell.xib in Resources */,
				7A9B131F2BBDE9A400250854 /* Base in Resources */,
			);
			runOnlyForDeploymentPostprocessing = 0;
		};
		E21EF86B2C32243700B5C4A8 /* Resources */ = {
			isa = PBXResourcesBuildPhase;
			buildActionMask = 2147483647;
			files = (
			);
			runOnlyForDeploymentPostprocessing = 0;
		};
/* End PBXResourcesBuildPhase section */

/* Begin PBXSourcesBuildPhase section */
		7A9B13102BBDE9A400250854 /* Sources */ = {
			isa = PBXSourcesBuildPhase;
			buildActionMask = 2147483647;
			files = (
				7A9B134E2BBE78F000250854 /* DessertDetails.swift in Sources */,
				7A9B13552BBE974C00250854 /* EndPointType.swift in Sources */,
				7A9B13332BBDEA3F00250854 /* APIManager.swift in Sources */,
				7A9B13432BBE646D00250854 /* DessertTableViewCell.swift in Sources */,
				7A9B13182BBDE9A400250854 /* AppDelegate.swift in Sources */,
				7A9B133D2BBE01AB00250854 /* DessertTableViewController.swift in Sources */,
				7A9B133F2BBE03E700250854 /* DessertViewModel.swift in Sources */,
				7A9B13522BBE921E00250854 /* DessertDetailsViewModel.swift in Sources */,
				7A9B13392BBDEA7C00250854 /* Dessert.swift in Sources */,
				7A9B13572BBF824400250854 /* DessertDetailsView.swift in Sources */,
				7A9B131A2BBDE9A400250854 /* SceneDelegate.swift in Sources */,
			);
			runOnlyForDeploymentPostprocessing = 0;
		};
		E21EF8692C32243700B5C4A8 /* Sources */ = {
			isa = PBXSourcesBuildPhase;
			buildActionMask = 2147483647;
			files = (
				E21EF8772C32246000B5C4A8 /* DessertsDetailsViewModelUnitTests.swift in Sources */,
				E21EF8702C32243700B5C4A8 /* DessertsReceipe_Tests.swift in Sources */,
				E21EF8792C32501B00B5C4A8 /* MockAPIManager.swift in Sources */,
				E21EF87B2C33EDF100B5C4A8 /* DessertViewModelUnitTests.swift in Sources */,
				E21EF87D2C33F38700B5C4A8 /* MockDessertAPIManager.swift in Sources */,
			);
			runOnlyForDeploymentPostprocessing = 0;
		};
/* End PBXSourcesBuildPhase section */

/* Begin PBXTargetDependency section */
		E21EF8722C32243700B5C4A8 /* PBXTargetDependency */ = {
			isa = PBXTargetDependency;
			target = 7A9B13132BBDE9A400250854 /* Desserts Receipe */;
			targetProxy = E21EF8712C32243700B5C4A8 /* PBXContainerItemProxy */;
		};
/* End PBXTargetDependency section */

/* Begin PBXVariantGroup section */
		7A9B131D2BBDE9A400250854 /* Main.storyboard */ = {
			isa = PBXVariantGroup;
			children = (
				7A9B131E2BBDE9A400250854 /* Base */,
			);
			name = Main.storyboard;
			sourceTree = "<group>";
		};
		7A9B13222BBDE9A500250854 /* LaunchScreen.storyboard */ = {
			isa = PBXVariantGroup;
			children = (
				7A9B13232BBDE9A500250854 /* Base */,
			);
			name = LaunchScreen.storyboard;
			sourceTree = "<group>";
		};
/* End PBXVariantGroup section */

/* Begin XCBuildConfiguration section */
		7A9B13262BBDE9A500250854 /* Debug */ = {
			isa = XCBuildConfiguration;
			buildSettings = {
				ALWAYS_SEARCH_USER_PATHS = NO;
				ASSETCATALOG_COMPILER_GENERATE_SWIFT_ASSET_SYMBOL_EXTENSIONS = YES;
				CLANG_ANALYZER_NONNULL = YES;
				CLANG_ANALYZER_NUMBER_OBJECT_CONVERSION = YES_AGGRESSIVE;
				CLANG_CXX_LANGUAGE_STANDARD = "gnu++20";
				CLANG_ENABLE_MODULES = YES;
				CLANG_ENABLE_OBJC_ARC = YES;
				CLANG_ENABLE_OBJC_WEAK = YES;
				CLANG_WARN_BLOCK_CAPTURE_AUTORELEASING = YES;
				CLANG_WARN_BOOL_CONVERSION = YES;
				CLANG_WARN_COMMA = YES;
				CLANG_WARN_CONSTANT_CONVERSION = YES;
				CLANG_WARN_DEPRECATED_OBJC_IMPLEMENTATIONS = YES;
				CLANG_WARN_DIRECT_OBJC_ISA_USAGE = YES_ERROR;
				CLANG_WARN_DOCUMENTATION_COMMENTS = YES;
				CLANG_WARN_EMPTY_BODY = YES;
				CLANG_WARN_ENUM_CONVERSION = YES;
				CLANG_WARN_INFINITE_RECURSION = YES;
				CLANG_WARN_INT_CONVERSION = YES;
				CLANG_WARN_NON_LITERAL_NULL_CONVERSION = YES;
				CLANG_WARN_OBJC_IMPLICIT_RETAIN_SELF = YES;
				CLANG_WARN_OBJC_LITERAL_CONVERSION = YES;
				CLANG_WARN_OBJC_ROOT_CLASS = YES_ERROR;
				CLANG_WARN_QUOTED_INCLUDE_IN_FRAMEWORK_HEADER = YES;
				CLANG_WARN_RANGE_LOOP_ANALYSIS = YES;
				CLANG_WARN_STRICT_PROTOTYPES = YES;
				CLANG_WARN_SUSPICIOUS_MOVE = YES;
				CLANG_WARN_UNGUARDED_AVAILABILITY = YES_AGGRESSIVE;
				CLANG_WARN_UNREACHABLE_CODE = YES;
				CLANG_WARN__DUPLICATE_METHOD_MATCH = YES;
				COPY_PHASE_STRIP = NO;
				DEBUG_INFORMATION_FORMAT = dwarf;
				ENABLE_STRICT_OBJC_MSGSEND = YES;
				ENABLE_TESTABILITY = YES;
				ENABLE_USER_SCRIPT_SANDBOXING = YES;
				GCC_C_LANGUAGE_STANDARD = gnu17;
				GCC_DYNAMIC_NO_PIC = NO;
				GCC_NO_COMMON_BLOCKS = YES;
				GCC_OPTIMIZATION_LEVEL = 0;
				GCC_PREPROCESSOR_DEFINITIONS = (
					"DEBUG=1",
					"$(inherited)",
				);
				GCC_WARN_64_TO_32_BIT_CONVERSION = YES;
				GCC_WARN_ABOUT_RETURN_TYPE = YES_ERROR;
				GCC_WARN_UNDECLARED_SELECTOR = YES;
				GCC_WARN_UNINITIALIZED_AUTOS = YES_AGGRESSIVE;
				GCC_WARN_UNUSED_FUNCTION = YES;
				GCC_WARN_UNUSED_VARIABLE = YES;
				IPHONEOS_DEPLOYMENT_TARGET = 17.4;
				LOCALIZATION_PREFERS_STRING_CATALOGS = YES;
				MTL_ENABLE_DEBUG_INFO = INCLUDE_SOURCE;
				MTL_FAST_MATH = YES;
				ONLY_ACTIVE_ARCH = YES;
				SDKROOT = iphoneos;
				SWIFT_ACTIVE_COMPILATION_CONDITIONS = "DEBUG $(inherited)";
				SWIFT_OPTIMIZATION_LEVEL = "-Onone";
			};
			name = Debug;
		};
		7A9B13272BBDE9A500250854 /* Release */ = {
			isa = XCBuildConfiguration;
			buildSettings = {
				ALWAYS_SEARCH_USER_PATHS = NO;
				ASSETCATALOG_COMPILER_GENERATE_SWIFT_ASSET_SYMBOL_EXTENSIONS = YES;
				CLANG_ANALYZER_NONNULL = YES;
				CLANG_ANALYZER_NUMBER_OBJECT_CONVERSION = YES_AGGRESSIVE;
				CLANG_CXX_LANGUAGE_STANDARD = "gnu++20";
				CLANG_ENABLE_MODULES = YES;
				CLANG_ENABLE_OBJC_ARC = YES;
				CLANG_ENABLE_OBJC_WEAK = YES;
				CLANG_WARN_BLOCK_CAPTURE_AUTORELEASING = YES;
				CLANG_WARN_BOOL_CONVERSION = YES;
				CLANG_WARN_COMMA = YES;
				CLANG_WARN_CONSTANT_CONVERSION = YES;
				CLANG_WARN_DEPRECATED_OBJC_IMPLEMENTATIONS = YES;
				CLANG_WARN_DIRECT_OBJC_ISA_USAGE = YES_ERROR;
				CLANG_WARN_DOCUMENTATION_COMMENTS = YES;
				CLANG_WARN_EMPTY_BODY = YES;
				CLANG_WARN_ENUM_CONVERSION = YES;
				CLANG_WARN_INFINITE_RECURSION = YES;
				CLANG_WARN_INT_CONVERSION = YES;
				CLANG_WARN_NON_LITERAL_NULL_CONVERSION = YES;
				CLANG_WARN_OBJC_IMPLICIT_RETAIN_SELF = YES;
				CLANG_WARN_OBJC_LITERAL_CONVERSION = YES;
				CLANG_WARN_OBJC_ROOT_CLASS = YES_ERROR;
				CLANG_WARN_QUOTED_INCLUDE_IN_FRAMEWORK_HEADER = YES;
				CLANG_WARN_RANGE_LOOP_ANALYSIS = YES;
				CLANG_WARN_STRICT_PROTOTYPES = YES;
				CLANG_WARN_SUSPICIOUS_MOVE = YES;
				CLANG_WARN_UNGUARDED_AVAILABILITY = YES_AGGRESSIVE;
				CLANG_WARN_UNREACHABLE_CODE = YES;
				CLANG_WARN__DUPLICATE_METHOD_MATCH = YES;
				COPY_PHASE_STRIP = NO;
				DEBUG_INFORMATION_FORMAT = "dwarf-with-dsym";
				ENABLE_NS_ASSERTIONS = NO;
				ENABLE_STRICT_OBJC_MSGSEND = YES;
				ENABLE_USER_SCRIPT_SANDBOXING = YES;
				GCC_C_LANGUAGE_STANDARD = gnu17;
				GCC_NO_COMMON_BLOCKS = YES;
				GCC_WARN_64_TO_32_BIT_CONVERSION = YES;
				GCC_WARN_ABOUT_RETURN_TYPE = YES_ERROR;
				GCC_WARN_UNDECLARED_SELECTOR = YES;
				GCC_WARN_UNINITIALIZED_AUTOS = YES_AGGRESSIVE;
				GCC_WARN_UNUSED_FUNCTION = YES;
				GCC_WARN_UNUSED_VARIABLE = YES;
				IPHONEOS_DEPLOYMENT_TARGET = 17.4;
				LOCALIZATION_PREFERS_STRING_CATALOGS = YES;
				MTL_ENABLE_DEBUG_INFO = NO;
				MTL_FAST_MATH = YES;
				SDKROOT = iphoneos;
				SWIFT_COMPILATION_MODE = wholemodule;
				VALIDATE_PRODUCT = YES;
			};
			name = Release;
		};
		7A9B13292BBDE9A500250854 /* Debug */ = {
			isa = XCBuildConfiguration;
			buildSettings = {
				ASSETCATALOG_COMPILER_APPICON_NAME = AppIcon;
				ASSETCATALOG_COMPILER_GLOBAL_ACCENT_COLOR_NAME = AccentColor;
				CODE_SIGN_STYLE = Automatic;
				CURRENT_PROJECT_VERSION = 1;
				GENERATE_INFOPLIST_FILE = YES;
				INFOPLIST_FILE = "Desserts Receipe/Info.plist";
				INFOPLIST_KEY_CFBundleDisplayName = "Desserts Receipe";
				INFOPLIST_KEY_UIApplicationSupportsIndirectInputEvents = YES;
				INFOPLIST_KEY_UILaunchStoryboardName = LaunchScreen;
				INFOPLIST_KEY_UIMainStoryboardFile = Main;
				INFOPLIST_KEY_UISupportedInterfaceOrientations_iPad = "UIInterfaceOrientationPortrait UIInterfaceOrientationPortraitUpsideDown UIInterfaceOrientationLandscapeLeft UIInterfaceOrientationLandscapeRight";
				INFOPLIST_KEY_UISupportedInterfaceOrientations_iPhone = "UIInterfaceOrientationPortrait UIInterfaceOrientationLandscapeLeft UIInterfaceOrientationLandscapeRight";
				LD_RUNPATH_SEARCH_PATHS = (
					"$(inherited)",
					"@executable_path/Frameworks",
				);
				MARKETING_VERSION = 1.0;
				PRODUCT_BUNDLE_IDENTIFIER = "com.amey.Desserts-Receipe";
				PRODUCT_NAME = "$(TARGET_NAME)";
				SWIFT_EMIT_LOC_STRINGS = YES;
				SWIFT_VERSION = 5.0;
				TARGETED_DEVICE_FAMILY = 1;
			};
			name = Debug;
		};
		7A9B132A2BBDE9A500250854 /* Release */ = {
			isa = XCBuildConfiguration;
			buildSettings = {
				ASSETCATALOG_COMPILER_APPICON_NAME = AppIcon;
				ASSETCATALOG_COMPILER_GLOBAL_ACCENT_COLOR_NAME = AccentColor;
				CODE_SIGN_STYLE = Automatic;
				CURRENT_PROJECT_VERSION = 1;
				GENERATE_INFOPLIST_FILE = YES;
				INFOPLIST_FILE = "Desserts Receipe/Info.plist";
				INFOPLIST_KEY_CFBundleDisplayName = "Desserts Receipe";
				INFOPLIST_KEY_UIApplicationSupportsIndirectInputEvents = YES;
				INFOPLIST_KEY_UILaunchStoryboardName = LaunchScreen;
				INFOPLIST_KEY_UIMainStoryboardFile = Main;
				INFOPLIST_KEY_UISupportedInterfaceOrientations_iPad = "UIInterfaceOrientationPortrait UIInterfaceOrientationPortraitUpsideDown UIInterfaceOrientationLandscapeLeft UIInterfaceOrientationLandscapeRight";
				INFOPLIST_KEY_UISupportedInterfaceOrientations_iPhone = "UIInterfaceOrientationPortrait UIInterfaceOrientationLandscapeLeft UIInterfaceOrientationLandscapeRight";
				LD_RUNPATH_SEARCH_PATHS = (
					"$(inherited)",
					"@executable_path/Frameworks",
				);
				MARKETING_VERSION = 1.0;
				PRODUCT_BUNDLE_IDENTIFIER = "com.amey.Desserts-Receipe";
				PRODUCT_NAME = "$(TARGET_NAME)";
				SWIFT_EMIT_LOC_STRINGS = YES;
				SWIFT_VERSION = 5.0;
				TARGETED_DEVICE_FAMILY = 1;
			};
			name = Release;
		};
		E21EF8742C32243700B5C4A8 /* Debug */ = {
			isa = XCBuildConfiguration;
			buildSettings = {
				BUNDLE_LOADER = "$(TEST_HOST)";
				CODE_SIGN_STYLE = Automatic;
				CURRENT_PROJECT_VERSION = 1;
				GENERATE_INFOPLIST_FILE = YES;
				IPHONEOS_DEPLOYMENT_TARGET = 17.5;
				MARKETING_VERSION = 1.0;
				PRODUCT_BUNDLE_IDENTIFIER = "com.ameykanunje.DessertsReceipe-Tests";
				PRODUCT_NAME = "$(TARGET_NAME)";
				SWIFT_EMIT_LOC_STRINGS = NO;
				SWIFT_VERSION = 5.0;
				TARGETED_DEVICE_FAMILY = "1,2";
				TEST_HOST = "$(BUILT_PRODUCTS_DIR)/Desserts Receipe.app/$(BUNDLE_EXECUTABLE_FOLDER_PATH)/Desserts Receipe";
			};
			name = Debug;
		};
		E21EF8752C32243700B5C4A8 /* Release */ = {
			isa = XCBuildConfiguration;
			buildSettings = {
				BUNDLE_LOADER = "$(TEST_HOST)";
				CODE_SIGN_STYLE = Automatic;
				CURRENT_PROJECT_VERSION = 1;
				GENERATE_INFOPLIST_FILE = YES;
				IPHONEOS_DEPLOYMENT_TARGET = 17.5;
				MARKETING_VERSION = 1.0;
				PRODUCT_BUNDLE_IDENTIFIER = "com.ameykanunje.DessertsReceipe-Tests";
				PRODUCT_NAME = "$(TARGET_NAME)";
				SWIFT_EMIT_LOC_STRINGS = NO;
				SWIFT_VERSION = 5.0;
				TARGETED_DEVICE_FAMILY = "1,2";
				TEST_HOST = "$(BUILT_PRODUCTS_DIR)/Desserts Receipe.app/$(BUNDLE_EXECUTABLE_FOLDER_PATH)/Desserts Receipe";
			};
			name = Release;
		};
/* End XCBuildConfiguration section */

/* Begin XCConfigurationList section */
		7A9B130F2BBDE9A400250854 /* Build configuration list for PBXProject "Desserts Receipe" */ = {
			isa = XCConfigurationList;
			buildConfigurations = (
				7A9B13262BBDE9A500250854 /* Debug */,
				7A9B13272BBDE9A500250854 /* Release */,
			);
			defaultConfigurationIsVisible = 0;
			defaultConfigurationName = Release;
		};
		7A9B13282BBDE9A500250854 /* Build configuration list for PBXNativeTarget "Desserts Receipe" */ = {
			isa = XCConfigurationList;
			buildConfigurations = (
				7A9B13292BBDE9A500250854 /* Debug */,
				7A9B132A2BBDE9A500250854 /* Release */,
			);
			defaultConfigurationIsVisible = 0;
			defaultConfigurationName = Release;
		};
		E21EF8732C32243700B5C4A8 /* Build configuration list for PBXNativeTarget "DessertsReceipe_Tests" */ = {
			isa = XCConfigurationList;
			buildConfigurations = (
				E21EF8742C32243700B5C4A8 /* Debug */,
				E21EF8752C32243700B5C4A8 /* Release */,
			);
			defaultConfigurationIsVisible = 0;
			defaultConfigurationName = Release;
		};
/* End XCConfigurationList section */

/* Begin XCRemoteSwiftPackageReference section */
		7A9B13442BBE736200250854 /* XCRemoteSwiftPackageReference "Kingfisher" */ = {
			isa = XCRemoteSwiftPackageReference;
			repositoryURL = "https://github.com/onevcat/Kingfisher.git";
			requirement = {
				kind = upToNextMajorVersion;
				minimumVersion = 7.0.0;
			};
		};
/* End XCRemoteSwiftPackageReference section */

/* Begin XCSwiftPackageProductDependency section */
		7A9B13452BBE736300250854 /* Kingfisher */ = {
			isa = XCSwiftPackageProductDependency;
			package = 7A9B13442BBE736200250854 /* XCRemoteSwiftPackageReference "Kingfisher" */;
			productName = Kingfisher;
		};
/* End XCSwiftPackageProductDependency section */
	};
	rootObject = 7A9B130C2BBDE9A400250854 /* Project object */;
}
